// !$*UTF8*$!
{
	archiveVersion = 1;
	classes = {
	};
	objectVersion = 46;
	objects = {

/* Begin PBXBuildFile section */
		0D6613FF1BDA6C7C00270ADA /* AppDelegate.swift in Sources */ = {isa = PBXBuildFile; fileRef = 0D6613FE1BDA6C7C00270ADA /* AppDelegate.swift */; };
		0D6614011BDA6C7C00270ADA /* ViewController.swift in Sources */ = {isa = PBXBuildFile; fileRef = 0D6614001BDA6C7C00270ADA /* ViewController.swift */; };
		0D6614041BDA6C7C00270ADA /* Main.storyboard in Resources */ = {isa = PBXBuildFile; fileRef = 0D6614021BDA6C7C00270ADA /* Main.storyboard */; };
		0D6614061BDA6C7C00270ADA /* Assets.xcassets in Resources */ = {isa = PBXBuildFile; fileRef = 0D6614051BDA6C7C00270ADA /* Assets.xcassets */; };
		0D6614091BDA6C7C00270ADA /* LaunchScreen.storyboard in Resources */ = {isa = PBXBuildFile; fileRef = 0D6614071BDA6C7C00270ADA /* LaunchScreen.storyboard */; };
		0D66142D1BDA6DC600270ADA /* UILabel+FlickerNumber.swift in Sources */ = {isa = PBXBuildFile; fileRef = 0D66142C1BDA6DC600270ADA /* UILabel+FlickerNumber.swift */; };
		0DB56E6E1F1D9E5500330E4B /* FlickerNumber_SwiftUITests.m in Sources */ = {isa = PBXBuildFile; fileRef = 0DB56E6D1F1D9E5500330E4B /* FlickerNumber_SwiftUITests.m */; };
		0DB56E7C1F1D9E5F00330E4B /* FlickerNumber_SwiftTests.m in Sources */ = {isa = PBXBuildFile; fileRef = 0DB56E7B1F1D9E5F00330E4B /* FlickerNumber_SwiftTests.m */; };
		0DCFC1111BF0ECDC00EE1FA3 /* ListViewController.swift in Sources */ = {isa = PBXBuildFile; fileRef = 0DCFC1101BF0ECDC00EE1FA3 /* ListViewController.swift */; };
		0DF3BFBA1BF56EA6002857E0 /* FlickerNumber-Swift.podspec in Resources */ = {isa = PBXBuildFile; fileRef = 0DF3BFB91BF56EA6002857E0 /* FlickerNumber-Swift.podspec */; };
/* End PBXBuildFile section */

/* Begin PBXContainerItemProxy section */
		0DB56E701F1D9E5500330E4B /* PBXContainerItemProxy */ = {
			isa = PBXContainerItemProxy;
			containerPortal = 0D6613F31BDA6C7B00270ADA /* Project object */;
			proxyType = 1;
			remoteGlobalIDString = 0D6613FA1BDA6C7C00270ADA;
			remoteInfo = "FlickerNumber-Swift";
		};
		0DB56E7E1F1D9E5F00330E4B /* PBXContainerItemProxy */ = {
			isa = PBXContainerItemProxy;
			containerPortal = 0D6613F31BDA6C7B00270ADA /* Project object */;
			proxyType = 1;
			remoteGlobalIDString = 0D6613FA1BDA6C7C00270ADA;
			remoteInfo = "FlickerNumber-Swift";
		};
/* End PBXContainerItemProxy section */

/* Begin PBXFileReference section */
		0D6613FB1BDA6C7C00270ADA /* FlickerNumber-Swift.app */ = {isa = PBXFileReference; explicitFileType = wrapper.application; includeInIndex = 0; path = "FlickerNumber-Swift.app"; sourceTree = BUILT_PRODUCTS_DIR; };
		0D6613FE1BDA6C7C00270ADA /* AppDelegate.swift */ = {isa = PBXFileReference; lastKnownFileType = sourcecode.swift; path = AppDelegate.swift; sourceTree = "<group>"; };
		0D6614001BDA6C7C00270ADA /* ViewController.swift */ = {isa = PBXFileReference; lastKnownFileType = sourcecode.swift; path = ViewController.swift; sourceTree = "<group>"; };
		0D6614031BDA6C7C00270ADA /* Base */ = {isa = PBXFileReference; lastKnownFileType = file.storyboard; name = Base; path = Base.lproj/Main.storyboard; sourceTree = "<group>"; };
		0D6614051BDA6C7C00270ADA /* Assets.xcassets */ = {isa = PBXFileReference; lastKnownFileType = folder.assetcatalog; path = Assets.xcassets; sourceTree = "<group>"; };
		0D6614081BDA6C7C00270ADA /* Base */ = {isa = PBXFileReference; lastKnownFileType = file.storyboard; name = Base; path = Base.lproj/LaunchScreen.storyboard; sourceTree = "<group>"; };
		0D66140A1BDA6C7C00270ADA /* Info.plist */ = {isa = PBXFileReference; lastKnownFileType = text.plist.xml; path = Info.plist; sourceTree = "<group>"; };
		0D66142C1BDA6DC600270ADA /* UILabel+FlickerNumber.swift */ = {isa = PBXFileReference; fileEncoding = 4; lastKnownFileType = sourcecode.swift; path = "UILabel+FlickerNumber.swift"; sourceTree = "<group>"; };
		0DB56E6B1F1D9E5500330E4B /* FlickerNumber-SwiftUITests.xctest */ = {isa = PBXFileReference; explicitFileType = wrapper.cfbundle; includeInIndex = 0; path = "FlickerNumber-SwiftUITests.xctest"; sourceTree = BUILT_PRODUCTS_DIR; };
		0DB56E6D1F1D9E5500330E4B /* FlickerNumber_SwiftUITests.m */ = {isa = PBXFileReference; lastKnownFileType = sourcecode.c.objc; path = FlickerNumber_SwiftUITests.m; sourceTree = "<group>"; };
		0DB56E6F1F1D9E5500330E4B /* Info.plist */ = {isa = PBXFileReference; lastKnownFileType = text.plist.xml; path = Info.plist; sourceTree = "<group>"; };
		0DB56E791F1D9E5F00330E4B /* FlickerNumber-SwiftTests.xctest */ = {isa = PBXFileReference; explicitFileType = wrapper.cfbundle; includeInIndex = 0; path = "FlickerNumber-SwiftTests.xctest"; sourceTree = BUILT_PRODUCTS_DIR; };
		0DB56E7B1F1D9E5F00330E4B /* FlickerNumber_SwiftTests.m */ = {isa = PBXFileReference; lastKnownFileType = sourcecode.c.objc; path = FlickerNumber_SwiftTests.m; sourceTree = "<group>"; };
		0DB56E7D1F1D9E5F00330E4B /* Info.plist */ = {isa = PBXFileReference; lastKnownFileType = text.plist.xml; path = Info.plist; sourceTree = "<group>"; };
		0DCFC1101BF0ECDC00EE1FA3 /* ListViewController.swift */ = {isa = PBXFileReference; fileEncoding = 4; lastKnownFileType = sourcecode.swift; path = ListViewController.swift; sourceTree = "<group>"; };
		0DF3BFB91BF56EA6002857E0 /* FlickerNumber-Swift.podspec */ = {isa = PBXFileReference; fileEncoding = 4; lastKnownFileType = text; path = "FlickerNumber-Swift.podspec"; sourceTree = "<group>"; };
/* End PBXFileReference section */

/* Begin PBXFrameworksBuildPhase section */
		0D6613F81BDA6C7C00270ADA /* Frameworks */ = {
			isa = PBXFrameworksBuildPhase;
			buildActionMask = 2147483647;
			files = (
			);
			runOnlyForDeploymentPostprocessing = 0;
		};
		0DB56E681F1D9E5500330E4B /* Frameworks */ = {
			isa = PBXFrameworksBuildPhase;
			buildActionMask = 2147483647;
			files = (
			);
			runOnlyForDeploymentPostprocessing = 0;
		};
		0DB56E761F1D9E5F00330E4B /* Frameworks */ = {
			isa = PBXFrameworksBuildPhase;
			buildActionMask = 2147483647;
			files = (
			);
			runOnlyForDeploymentPostprocessing = 0;
		};
/* End PBXFrameworksBuildPhase section */

/* Begin PBXGroup section */
		0D6613F21BDA6C7B00270ADA = {
			isa = PBXGroup;
			children = (
				0DF3BFB91BF56EA6002857E0 /* FlickerNumber-Swift.podspec */,
				0D6613FD1BDA6C7C00270ADA /* FlickerNumber-Swift */,
				0DB56E6C1F1D9E5500330E4B /* FlickerNumber-SwiftUITests */,
				0DB56E7A1F1D9E5F00330E4B /* FlickerNumber-SwiftTests */,
				0D6613FC1BDA6C7C00270ADA /* Products */,
			);
			sourceTree = "<group>";
		};
		0D6613FC1BDA6C7C00270ADA /* Products */ = {
			isa = PBXGroup;
			children = (
				0D6613FB1BDA6C7C00270ADA /* FlickerNumber-Swift.app */,
				0DB56E6B1F1D9E5500330E4B /* FlickerNumber-SwiftUITests.xctest */,
				0DB56E791F1D9E5F00330E4B /* FlickerNumber-SwiftTests.xctest */,
			);
			name = Products;
			sourceTree = "<group>";
		};
		0D6613FD1BDA6C7C00270ADA /* FlickerNumber-Swift */ = {
			isa = PBXGroup;
			children = (
				0D6613FE1BDA6C7C00270ADA /* AppDelegate.swift */,
				0DCFC1101BF0ECDC00EE1FA3 /* ListViewController.swift */,
				0D6614001BDA6C7C00270ADA /* ViewController.swift */,
				0D6614021BDA6C7C00270ADA /* Main.storyboard */,
				0D6614051BDA6C7C00270ADA /* Assets.xcassets */,
				0D6614071BDA6C7C00270ADA /* LaunchScreen.storyboard */,
				0D66140A1BDA6C7C00270ADA /* Info.plist */,
				0D66142C1BDA6DC600270ADA /* UILabel+FlickerNumber.swift */,
			);
			path = "FlickerNumber-Swift";
			sourceTree = "<group>";
		};
		0DB56E6C1F1D9E5500330E4B /* FlickerNumber-SwiftUITests */ = {
			isa = PBXGroup;
			children = (
				0DB56E6D1F1D9E5500330E4B /* FlickerNumber_SwiftUITests.m */,
				0DB56E6F1F1D9E5500330E4B /* Info.plist */,
			);
			path = "FlickerNumber-SwiftUITests";
			sourceTree = "<group>";
		};
		0DB56E7A1F1D9E5F00330E4B /* FlickerNumber-SwiftTests */ = {
			isa = PBXGroup;
			children = (
				0DB56E7B1F1D9E5F00330E4B /* FlickerNumber_SwiftTests.m */,
				0DB56E7D1F1D9E5F00330E4B /* Info.plist */,
			);
			path = "FlickerNumber-SwiftTests";
			sourceTree = "<group>";
		};
/* End PBXGroup section */

/* Begin PBXNativeTarget section */
		0D6613FA1BDA6C7C00270ADA /* FlickerNumber-Swift */ = {
			isa = PBXNativeTarget;
			buildConfigurationList = 0D6614231BDA6C7C00270ADA /* Build configuration list for PBXNativeTarget "FlickerNumber-Swift" */;
			buildPhases = (
				0D6613F71BDA6C7C00270ADA /* Sources */,
				0D6613F81BDA6C7C00270ADA /* Frameworks */,
				0D6613F91BDA6C7C00270ADA /* Resources */,
			);
			buildRules = (
			);
			dependencies = (
			);
			name = "FlickerNumber-Swift";
			productName = FlickerNumber;
			productReference = 0D6613FB1BDA6C7C00270ADA /* FlickerNumber-Swift.app */;
			productType = "com.apple.product-type.application";
		};
		0DB56E6A1F1D9E5500330E4B /* FlickerNumber-SwiftUITests */ = {
			isa = PBXNativeTarget;
			buildConfigurationList = 0DB56E741F1D9E5500330E4B /* Build configuration list for PBXNativeTarget "FlickerNumber-SwiftUITests" */;
			buildPhases = (
				0DB56E671F1D9E5500330E4B /* Sources */,
				0DB56E681F1D9E5500330E4B /* Frameworks */,
				0DB56E691F1D9E5500330E4B /* Resources */,
			);
			buildRules = (
			);
			dependencies = (
				0DB56E711F1D9E5500330E4B /* PBXTargetDependency */,
			);
			name = "FlickerNumber-SwiftUITests";
			productName = "FlickerNumber-SwiftUITests";
			productReference = 0DB56E6B1F1D9E5500330E4B /* FlickerNumber-SwiftUITests.xctest */;
			productType = "com.apple.product-type.bundle.ui-testing";
		};
		0DB56E781F1D9E5F00330E4B /* FlickerNumber-SwiftTests */ = {
			isa = PBXNativeTarget;
			buildConfigurationList = 0DB56E801F1D9E5F00330E4B /* Build configuration list for PBXNativeTarget "FlickerNumber-SwiftTests" */;
			buildPhases = (
				0DB56E751F1D9E5F00330E4B /* Sources */,
				0DB56E761F1D9E5F00330E4B /* Frameworks */,
				0DB56E771F1D9E5F00330E4B /* Resources */,
			);
			buildRules = (
			);
			dependencies = (
				0DB56E7F1F1D9E5F00330E4B /* PBXTargetDependency */,
			);
			name = "FlickerNumber-SwiftTests";
			productName = "FlickerNumber-SwiftTests";
			productReference = 0DB56E791F1D9E5F00330E4B /* FlickerNumber-SwiftTests.xctest */;
			productType = "com.apple.product-type.bundle.unit-test";
		};
/* End PBXNativeTarget section */

/* Begin PBXProject section */
		0D6613F31BDA6C7B00270ADA /* Project object */ = {
			isa = PBXProject;
			attributes = {
				LastSwiftUpdateCheck = 0710;
				LastUpgradeCheck = 0710;
				ORGANIZATIONNAME = ddkit;
				TargetAttributes = {
					0D6613FA1BDA6C7C00270ADA = {
						CreatedOnToolsVersion = 7.1;
						DevelopmentTeam = F76XM9QFY9;
						LastSwiftMigration = 0830;
					};
					0DB56E6A1F1D9E5500330E4B = {
						CreatedOnToolsVersion = 8.3.3;
						DevelopmentTeam = F76XM9QFY9;
						ProvisioningStyle = Automatic;
						TestTargetID = 0D6613FA1BDA6C7C00270ADA;
					};
					0DB56E781F1D9E5F00330E4B = {
						CreatedOnToolsVersion = 8.3.3;
						DevelopmentTeam = F76XM9QFY9;
						ProvisioningStyle = Automatic;
						TestTargetID = 0D6613FA1BDA6C7C00270ADA;
					};
				};
			};
			buildConfigurationList = 0D6613F61BDA6C7B00270ADA /* Build configuration list for PBXProject "FlickerNumber-Swift" */;
			compatibilityVersion = "Xcode 3.2";
			developmentRegion = English;
			hasScannedForEncodings = 0;
			knownRegions = (
				en,
				Base,
			);
			mainGroup = 0D6613F21BDA6C7B00270ADA;
			productRefGroup = 0D6613FC1BDA6C7C00270ADA /* Products */;
			projectDirPath = "";
			projectRoot = "";
			targets = (
				0D6613FA1BDA6C7C00270ADA /* FlickerNumber-Swift */,
				0DB56E6A1F1D9E5500330E4B /* FlickerNumber-SwiftUITests */,
				0DB56E781F1D9E5F00330E4B /* FlickerNumber-SwiftTests */,
			);
		};
/* End PBXProject section */

/* Begin PBXResourcesBuildPhase section */
		0D6613F91BDA6C7C00270ADA /* Resources */ = {
			isa = PBXResourcesBuildPhase;
			buildActionMask = 2147483647;
			files = (
				0D6614091BDA6C7C00270ADA /* LaunchScreen.storyboard in Resources */,
				0D6614061BDA6C7C00270ADA /* Assets.xcassets in Resources */,
				0DF3BFBA1BF56EA6002857E0 /* FlickerNumber-Swift.podspec in Resources */,
				0D6614041BDA6C7C00270ADA /* Main.storyboard in Resources */,
			);
			runOnlyForDeploymentPostprocessing = 0;
		};
		0DB56E691F1D9E5500330E4B /* Resources */ = {
			isa = PBXResourcesBuildPhase;
			buildActionMask = 2147483647;
			files = (
			);
			runOnlyForDeploymentPostprocessing = 0;
		};
		0DB56E771F1D9E5F00330E4B /* Resources */ = {
			isa = PBXResourcesBuildPhase;
			buildActionMask = 2147483647;
			files = (
			);
			runOnlyForDeploymentPostprocessing = 0;
		};
/* End PBXResourcesBuildPhase section */

/* Begin PBXSourcesBuildPhase section */
		0D6613F71BDA6C7C00270ADA /* Sources */ = {
			isa = PBXSourcesBuildPhase;
			buildActionMask = 2147483647;
			files = (
				0D6614011BDA6C7C00270ADA /* ViewController.swift in Sources */,
				0D6613FF1BDA6C7C00270ADA /* AppDelegate.swift in Sources */,
				0DCFC1111BF0ECDC00EE1FA3 /* ListViewController.swift in Sources */,
				0D66142D1BDA6DC600270ADA /* UILabel+FlickerNumber.swift in Sources */,
			);
			runOnlyForDeploymentPostprocessing = 0;
		};
		0DB56E671F1D9E5500330E4B /* Sources */ = {
			isa = PBXSourcesBuildPhase;
			buildActionMask = 2147483647;
			files = (
				0DB56E6E1F1D9E5500330E4B /* FlickerNumber_SwiftUITests.m in Sources */,
			);
			runOnlyForDeploymentPostprocessing = 0;
		};
		0DB56E751F1D9E5F00330E4B /* Sources */ = {
			isa = PBXSourcesBuildPhase;
			buildActionMask = 2147483647;
			files = (
				0DB56E7C1F1D9E5F00330E4B /* FlickerNumber_SwiftTests.m in Sources */,
			);
			runOnlyForDeploymentPostprocessing = 0;
		};
/* End PBXSourcesBuildPhase section */

/* Begin PBXTargetDependency section */
		0DB56E711F1D9E5500330E4B /* PBXTargetDependency */ = {
			isa = PBXTargetDependency;
			target = 0D6613FA1BDA6C7C00270ADA /* FlickerNumber-Swift */;
			targetProxy = 0DB56E701F1D9E5500330E4B /* PBXContainerItemProxy */;
		};
		0DB56E7F1F1D9E5F00330E4B /* PBXTargetDependency */ = {
			isa = PBXTargetDependency;
			target = 0D6613FA1BDA6C7C00270ADA /* FlickerNumber-Swift */;
			targetProxy = 0DB56E7E1F1D9E5F00330E4B /* PBXContainerItemProxy */;
		};
/* End PBXTargetDependency section */

/* Begin PBXVariantGroup section */
		0D6614021BDA6C7C00270ADA /* Main.storyboard */ = {
			isa = PBXVariantGroup;
			children = (
				0D6614031BDA6C7C00270ADA /* Base */,
			);
			name = Main.storyboard;
			sourceTree = "<group>";
		};
		0D6614071BDA6C7C00270ADA /* LaunchScreen.storyboard */ = {
			isa = PBXVariantGroup;
			children = (
				0D6614081BDA6C7C00270ADA /* Base */,
			);
			name = LaunchScreen.storyboard;
			sourceTree = "<group>";
		};
/* End PBXVariantGroup section */

/* Begin XCBuildConfiguration section */
		0D6614211BDA6C7C00270ADA /* Debug */ = {
			isa = XCBuildConfiguration;
			buildSettings = {
				ALWAYS_SEARCH_USER_PATHS = NO;
				CLANG_CXX_LANGUAGE_STANDARD = "gnu++0x";
				CLANG_CXX_LIBRARY = "libc++";
				CLANG_ENABLE_MODULES = YES;
				CLANG_ENABLE_OBJC_ARC = YES;
				CLANG_WARN_BOOL_CONVERSION = YES;
				CLANG_WARN_CONSTANT_CONVERSION = YES;
				CLANG_WARN_DIRECT_OBJC_ISA_USAGE = YES_ERROR;
				CLANG_WARN_EMPTY_BODY = YES;
				CLANG_WARN_ENUM_CONVERSION = YES;
				CLANG_WARN_INT_CONVERSION = YES;
				CLANG_WARN_OBJC_ROOT_CLASS = YES_ERROR;
				CLANG_WARN_UNREACHABLE_CODE = YES;
				CLANG_WARN__DUPLICATE_METHOD_MATCH = YES;
				"CODE_SIGN_IDENTITY[sdk=iphoneos*]" = "iPhone Developer";
				COPY_PHASE_STRIP = NO;
				DEBUG_INFORMATION_FORMAT = dwarf;
				ENABLE_STRICT_OBJC_MSGSEND = YES;
				ENABLE_TESTABILITY = YES;
				GCC_C_LANGUAGE_STANDARD = gnu99;
				GCC_DYNAMIC_NO_PIC = NO;
				GCC_NO_COMMON_BLOCKS = YES;
				GCC_OPTIMIZATION_LEVEL = 0;
				GCC_PREPROCESSOR_DEFINITIONS = (
					"DEBUG=1",
					"$(inherited)",
				);
				GCC_WARN_64_TO_32_BIT_CONVERSION = YES;
				GCC_WARN_ABOUT_RETURN_TYPE = YES_ERROR;
				GCC_WARN_UNDECLARED_SELECTOR = YES;
				GCC_WARN_UNINITIALIZED_AUTOS = YES_AGGRESSIVE;
				GCC_WARN_UNUSED_FUNCTION = YES;
				GCC_WARN_UNUSED_VARIABLE = YES;
				IPHONEOS_DEPLOYMENT_TARGET = 7.0;
				MTL_ENABLE_DEBUG_INFO = YES;
				ONLY_ACTIVE_ARCH = YES;
				SDKROOT = iphoneos;
				SWIFT_OPTIMIZATION_LEVEL = "-Onone";
			};
			name = Debug;
		};
		0D6614221BDA6C7C00270ADA /* Release */ = {
			isa = XCBuildConfiguration;
			buildSettings = {
				ALWAYS_SEARCH_USER_PATHS = NO;
				CLANG_CXX_LANGUAGE_STANDARD = "gnu++0x";
				CLANG_CXX_LIBRARY = "libc++";
				CLANG_ENABLE_MODULES = YES;
				CLANG_ENABLE_OBJC_ARC = YES;
				CLANG_WARN_BOOL_CONVERSION = YES;
				CLANG_WARN_CONSTANT_CONVERSION = YES;
				CLANG_WARN_DIRECT_OBJC_ISA_USAGE = YES_ERROR;
				CLANG_WARN_EMPTY_BODY = YES;
				CLANG_WARN_ENUM_CONVERSION = YES;
				CLANG_WARN_INT_CONVERSION = YES;
				CLANG_WARN_OBJC_ROOT_CLASS = YES_ERROR;
				CLANG_WARN_UNREACHABLE_CODE = YES;
				CLANG_WARN__DUPLICATE_METHOD_MATCH = YES;
				"CODE_SIGN_IDENTITY[sdk=iphoneos*]" = "iPhone Developer";
				COPY_PHASE_STRIP = NO;
				DEBUG_INFORMATION_FORMAT = "dwarf-with-dsym";
				ENABLE_NS_ASSERTIONS = NO;
				ENABLE_STRICT_OBJC_MSGSEND = YES;
				GCC_C_LANGUAGE_STANDARD = gnu99;
				GCC_NO_COMMON_BLOCKS = YES;
				GCC_WARN_64_TO_32_BIT_CONVERSION = YES;
				GCC_WARN_ABOUT_RETURN_TYPE = YES_ERROR;
				GCC_WARN_UNDECLARED_SELECTOR = YES;
				GCC_WARN_UNINITIALIZED_AUTOS = YES_AGGRESSIVE;
				GCC_WARN_UNUSED_FUNCTION = YES;
				GCC_WARN_UNUSED_VARIABLE = YES;
				IPHONEOS_DEPLOYMENT_TARGET = 7.0;
				MTL_ENABLE_DEBUG_INFO = NO;
				SDKROOT = iphoneos;
				VALIDATE_PRODUCT = YES;
			};
			name = Release;
		};
		0D6614241BDA6C7C00270ADA /* Debug */ = {
			isa = XCBuildConfiguration;
			buildSettings = {
				ASSETCATALOG_COMPILER_APPICON_NAME = AppIcon;
				DEVELOPMENT_TEAM = F76XM9QFY9;
				INFOPLIST_FILE = "$(SRCROOT)/FlickerNumber-Swift/Info.plist";
				IPHONEOS_DEPLOYMENT_TARGET = 7.0;
				LD_RUNPATH_SEARCH_PATHS = "$(inherited) @executable_path/Frameworks";
				PRODUCT_BUNDLE_IDENTIFIER = com.ddkit.FlickerNumber;
				PRODUCT_NAME = "$(TARGET_NAME)";
				SWIFT_VERSION = 3.0;
			};
			name = Debug;
		};
		0D6614251BDA6C7C00270ADA /* Release */ = {
			isa = XCBuildConfiguration;
			buildSettings = {
				ASSETCATALOG_COMPILER_APPICON_NAME = AppIcon;
				DEVELOPMENT_TEAM = F76XM9QFY9;
				INFOPLIST_FILE = "$(SRCROOT)/FlickerNumber-Swift/Info.plist";
				IPHONEOS_DEPLOYMENT_TARGET = 7.0;
				LD_RUNPATH_SEARCH_PATHS = "$(inherited) @executable_path/Frameworks";
				PRODUCT_BUNDLE_IDENTIFIER = com.ddkit.FlickerNumber;
				PRODUCT_NAME = "$(TARGET_NAME)";
				SWIFT_VERSION = 3.0;
			};
			name = Release;
		};
		0DB56E721F1D9E5500330E4B /* Debug */ = {
			isa = XCBuildConfiguration;
			buildSettings = {
				ALWAYS_EMBED_SWIFT_STANDARD_LIBRARIES = YES;
				CLANG_ANALYZER_NONNULL = YES;
				CLANG_ANALYZER_NUMBER_OBJECT_CONVERSION = YES_AGGRESSIVE;
				CLANG_WARN_DOCUMENTATION_COMMENTS = YES;
				CLANG_WARN_INFINITE_RECURSION = YES;
				CLANG_WARN_SUSPICIOUS_MOVE = YES;
				DEVELOPMENT_TEAM = F76XM9QFY9;
				INFOPLIST_FILE = "FlickerNumber-SwiftUITests/Info.plist";
				IPHONEOS_DEPLOYMENT_TARGET = 10.3;
				LD_RUNPATH_SEARCH_PATHS = "$(inherited) @executable_path/Frameworks @loader_path/Frameworks";
				PRODUCT_BUNDLE_IDENTIFIER = "com.ddkit.FlickerNumber-SwiftUITests";
				PRODUCT_NAME = "$(TARGET_NAME)";
				TEST_TARGET_NAME = "FlickerNumber-Swift";
			};
			name = Debug;
		};
		0DB56E731F1D9E5500330E4B /* Release */ = {
			isa = XCBuildConfiguration;
			buildSettings = {
				ALWAYS_EMBED_SWIFT_STANDARD_LIBRARIES = YES;
				CLANG_ANALYZER_NONNULL = YES;
				CLANG_ANALYZER_NUMBER_OBJECT_CONVERSION = YES_AGGRESSIVE;
				CLANG_WARN_DOCUMENTATION_COMMENTS = YES;
				CLANG_WARN_INFINITE_RECURSION = YES;
				CLANG_WARN_SUSPICIOUS_MOVE = YES;
				DEVELOPMENT_TEAM = F76XM9QFY9;
				INFOPLIST_FILE = "FlickerNumber-SwiftUITests/Info.plist";
				IPHONEOS_DEPLOYMENT_TARGET = 10.3;
				LD_RUNPATH_SEARCH_PATHS = "$(inherited) @executable_path/Frameworks @loader_path/Frameworks";
				PRODUCT_BUNDLE_IDENTIFIER = "com.ddkit.FlickerNumber-SwiftUITests";
				PRODUCT_NAME = "$(TARGET_NAME)";
				TEST_TARGET_NAME = "FlickerNumber-Swift";
			};
			name = Release;
		};
		0DB56E811F1D9E5F00330E4B /* Debug */ = {
			isa = XCBuildConfiguration;
			buildSettings = {
				ALWAYS_EMBED_SWIFT_STANDARD_LIBRARIES = YES;
				BUNDLE_LOADER = "$(TEST_HOST)";
				CLANG_ANALYZER_NONNULL = YES;
				CLANG_ANALYZER_NUMBER_OBJECT_CONVERSION = YES_AGGRESSIVE;
				CLANG_WARN_DOCUMENTATION_COMMENTS = YES;
				CLANG_WARN_INFINITE_RECURSION = YES;
				CLANG_WARN_SUSPICIOUS_MOVE = YES;
				DEVELOPMENT_TEAM = F76XM9QFY9;
				INFOPLIST_FILE = "FlickerNumber-SwiftTests/Info.plist";
				IPHONEOS_DEPLOYMENT_TARGET = 10.3;
				LD_RUNPATH_SEARCH_PATHS = "$(inherited) @executable_path/Frameworks @loader_path/Frameworks";
				PRODUCT_BUNDLE_IDENTIFIER = "com.ddkit.FlickerNumber-SwiftTests";
				PRODUCT_NAME = "$(TARGET_NAME)";
				TEST_HOST = "$(BUILT_PRODUCTS_DIR)/FlickerNumber-Swift.app/FlickerNumber-Swift";
			};
			name = Debug;
		};
		0DB56E821F1D9E5F00330E4B /* Release */ = {
			isa = XCBuildConfiguration;
			buildSettings = {
				ALWAYS_EMBED_SWIFT_STANDARD_LIBRARIES = YES;
				BUNDLE_LOADER = "$(TEST_HOST)";
				CLANG_ANALYZER_NONNULL = YES;
				CLANG_ANALYZER_NUMBER_OBJECT_CONVERSION = YES_AGGRESSIVE;
				CLANG_WARN_DOCUMENTATION_COMMENTS = YES;
				CLANG_WARN_INFINITE_RECURSION = YES;
				CLANG_WARN_SUSPICIOUS_MOVE = YES;
				DEVELOPMENT_TEAM = F76XM9QFY9;
				INFOPLIST_FILE = "FlickerNumber-SwiftTests/Info.plist";
				IPHONEOS_DEPLOYMENT_TARGET = 10.3;
				LD_RUNPATH_SEARCH_PATHS = "$(inherited) @executable_path/Frameworks @loader_path/Frameworks";
				PRODUCT_BUNDLE_IDENTIFIER = "com.ddkit.FlickerNumber-SwiftTests";
				PRODUCT_NAME = "$(TARGET_NAME)";
				TEST_HOST = "$(BUILT_PRODUCTS_DIR)/FlickerNumber-Swift.app/FlickerNumber-Swift";
			};
			name = Release;
		};
/* End XCBuildConfiguration section */

/* Begin XCConfigurationList section */
		0D6613F61BDA6C7B00270ADA /* Build configuration list for PBXProject "FlickerNumber-Swift" */ = {
			isa = XCConfigurationList;
			buildConfigurations = (
				0D6614211BDA6C7C00270ADA /* Debug */,
				0D6614221BDA6C7C00270ADA /* Release */,
			);
			defaultConfigurationIsVisible = 0;
			defaultConfigurationName = Release;
		};
		0D6614231BDA6C7C00270ADA /* Build configuration list for PBXNativeTarget "FlickerNumber-Swift" */ = {
			isa = XCConfigurationList;
			buildConfigurations = (
				0D6614241BDA6C7C00270ADA /* Debug */,
				0D6614251BDA6C7C00270ADA /* Release */,
			);
			defaultConfigurationIsVisible = 0;
			defaultConfigurationName = Release;
		};
		0DB56E741F1D9E5500330E4B /* Build configuration list for PBXNativeTarget "FlickerNumber-SwiftUITests" */ = {
			isa = XCConfigurationList;
			buildConfigurations = (
				0DB56E721F1D9E5500330E4B /* Debug */,
				0DB56E731F1D9E5500330E4B /* Release */,
			);
			defaultConfigurationIsVisible = 0;
		};
		0DB56E801F1D9E5F00330E4B /* Build configuration list for PBXNativeTarget "FlickerNumber-SwiftTests" */ = {
			isa = XCConfigurationList;
			buildConfigurations = (
				0DB56E811F1D9E5F00330E4B /* Debug */,
				0DB56E821F1D9E5F00330E4B /* Release */,
			);
			defaultConfigurationIsVisible = 0;
		};
/* End XCConfigurationList section */
	};
	rootObject = 0D6613F31BDA6C7B00270ADA /* Project object */;
}
